
Microsoft Visual Studio Solution File, Format Version 12.00
# Visual Studio Version 16
VisualStudioVersion = 16.0.29318.209
MinimumVisualStudioVersion = 10.0.40219.1
Project("{FAE04EC0-301F-11D3-BF4B-00C04F79EFBC}") = "ChatClientHw2", "ChatClientHw2\ChatClientHw2.csproj", "{E557523F-563C-4204-B2E4-A4C393154FF4}"
EndProject
Global
	GlobalSection(SolutionConfigurationPlatforms) = preSolution
		Debug|Any CPU = Debug|Any CPU
		Release|Any CPU = Release|Any CPU
	EndGlobalSection
	GlobalSection(ProjectConfigurationPlatforms) = postSolution
		{E557523F-563C-4204-B2E4-A4C393154FF4}.Debug|Any CPU.ActiveCfg = Debug|Any CPU
		{E557523F-563C-4204-B2E4-A4C393154FF4}.Debug|Any CPU.Build.0 = Debug|Any CPU
		{E557523F-563C-4204-B2E4-A4C393154FF4}.Release|Any CPU.ActiveCfg = Release|Any CPU
		{E557523F-563C-4204-B2E4-A4C393154FF4}.Release|Any CPU.Build.0 = Release|Any CPU
	EndGlobalSection
	GlobalSection(SolutionProperties) = preSolution
		HideSolutionNode = FALSE
	EndGlobalSection
	GlobalSection(ExtensibilityGlobals) = postSolution
		SolutionGuid = {7350D9B2-A821-478B-A075-7212055A7D7B}
	EndGlobalSection
EndGlobal
